// !$*UTF8*$!
{
	archiveVersion = 1;
	classes = {
	};
	objectVersion = 46;
	objects = {

/* Begin PBXBuildFile section */
		3C36012379309A3318F9D3EA /* Pods_RxSwiftToDoExample.framework in Frameworks */ = {isa = PBXBuildFile; fileRef = DB07C85CFF85F3C0B361A14E /* Pods_RxSwiftToDoExample.framework */; };
		740351961EAF401600C53A7E /* EditTaskVM.swift in Sources */ = {isa = PBXBuildFile; fileRef = 740351951EAF401600C53A7E /* EditTaskVM.swift */; };
		740351991EAF427200C53A7E /* UINavigationController+Rx.swift in Sources */ = {isa = PBXBuildFile; fileRef = 740351981EAF427200C53A7E /* UINavigationController+Rx.swift */; };
		7403519B1EAF468D00C53A7E /* TaskService.swift in Sources */ = {isa = PBXBuildFile; fileRef = 7403519A1EAF468D00C53A7E /* TaskService.swift */; };
		745CE4901EAF1FEA00C7202A /* AppDelegate.swift in Sources */ = {isa = PBXBuildFile; fileRef = 745CE48F1EAF1FEA00C7202A /* AppDelegate.swift */; };
		745CE4971EAF1FEA00C7202A /* Assets.xcassets in Resources */ = {isa = PBXBuildFile; fileRef = 745CE4961EAF1FEA00C7202A /* Assets.xcassets */; };
		745CE49A1EAF1FEA00C7202A /* LaunchScreen.storyboard in Resources */ = {isa = PBXBuildFile; fileRef = 745CE4981EAF1FEA00C7202A /* LaunchScreen.storyboard */; };
		745CE4AD1EAF377300C7202A /* Task.swift in Sources */ = {isa = PBXBuildFile; fileRef = 745CE4AC1EAF377300C7202A /* Task.swift */; };
		745CE4AF1EAF386700C7202A /* TasksVM.swift in Sources */ = {isa = PBXBuildFile; fileRef = 745CE4AE1EAF386700C7202A /* TasksVM.swift */; };
		745CE4B31EAF388E00C7202A /* Scene.swift in Sources */ = {isa = PBXBuildFile; fileRef = 745CE4B21EAF388E00C7202A /* Scene.swift */; };
		745CE4B71EAF3B5500C7202A /* TaskListVC.swift in Sources */ = {isa = PBXBuildFile; fileRef = 745CE4B61EAF3B5500C7202A /* TaskListVC.swift */; };
		745CE4B91EAF3B6400C7202A /* EditTaskVC.swift in Sources */ = {isa = PBXBuildFile; fileRef = 745CE4B81EAF3B6400C7202A /* EditTaskVC.swift */; };
		745CE4BB1EAF3EB100C7202A /* BindableType.swift in Sources */ = {isa = PBXBuildFile; fileRef = 745CE4BA1EAF3EB100C7202A /* BindableType.swift */; };
/* End PBXBuildFile section */

/* Begin PBXFileReference section */
		39A28124146D6BE119D7604B /* Pods-RxSwiftToDoExample.debug.xcconfig */ = {isa = PBXFileReference; includeInIndex = 1; lastKnownFileType = text.xcconfig; name = "Pods-RxSwiftToDoExample.debug.xcconfig"; path = "Pods/Target Support Files/Pods-RxSwiftToDoExample/Pods-RxSwiftToDoExample.debug.xcconfig"; sourceTree = "<group>"; };
		740351951EAF401600C53A7E /* EditTaskVM.swift */ = {isa = PBXFileReference; fileEncoding = 4; lastKnownFileType = sourcecode.swift; path = EditTaskVM.swift; sourceTree = "<group>"; };
		740351981EAF427200C53A7E /* UINavigationController+Rx.swift */ = {isa = PBXFileReference; fileEncoding = 4; lastKnownFileType = sourcecode.swift; path = "UINavigationController+Rx.swift"; sourceTree = "<group>"; };
		7403519A1EAF468D00C53A7E /* TaskService.swift */ = {isa = PBXFileReference; fileEncoding = 4; lastKnownFileType = sourcecode.swift; path = TaskService.swift; sourceTree = "<group>"; };
		745CE48C1EAF1FEA00C7202A /* RxSwiftToDoExample.app */ = {isa = PBXFileReference; explicitFileType = wrapper.application; includeInIndex = 0; path = RxSwiftToDoExample.app; sourceTree = BUILT_PRODUCTS_DIR; };
		745CE48F1EAF1FEA00C7202A /* AppDelegate.swift */ = {isa = PBXFileReference; lastKnownFileType = sourcecode.swift; path = AppDelegate.swift; sourceTree = "<group>"; };
		745CE4961EAF1FEA00C7202A /* Assets.xcassets */ = {isa = PBXFileReference; lastKnownFileType = folder.assetcatalog; path = Assets.xcassets; sourceTree = "<group>"; };
		745CE4991EAF1FEA00C7202A /* Base */ = {isa = PBXFileReference; lastKnownFileType = file.storyboard; name = Base; path = Base.lproj/LaunchScreen.storyboard; sourceTree = "<group>"; };
		745CE49B1EAF1FEA00C7202A /* Info.plist */ = {isa = PBXFileReference; lastKnownFileType = text.plist.xml; path = Info.plist; sourceTree = "<group>"; };
		745CE4AC1EAF377300C7202A /* Task.swift */ = {isa = PBXFileReference; fileEncoding = 4; lastKnownFileType = sourcecode.swift; path = Task.swift; sourceTree = "<group>"; };
		745CE4AE1EAF386700C7202A /* TasksVM.swift */ = {isa = PBXFileReference; fileEncoding = 4; lastKnownFileType = sourcecode.swift; path = TasksVM.swift; sourceTree = "<group>"; };
		745CE4B21EAF388E00C7202A /* Scene.swift */ = {isa = PBXFileReference; fileEncoding = 4; lastKnownFileType = sourcecode.swift; path = Scene.swift; sourceTree = "<group>"; };
		745CE4B61EAF3B5500C7202A /* TaskListVC.swift */ = {isa = PBXFileReference; fileEncoding = 4; lastKnownFileType = sourcecode.swift; path = TaskListVC.swift; sourceTree = "<group>"; };
		745CE4B81EAF3B6400C7202A /* EditTaskVC.swift */ = {isa = PBXFileReference; fileEncoding = 4; lastKnownFileType = sourcecode.swift; path = EditTaskVC.swift; sourceTree = "<group>"; };
		745CE4BA1EAF3EB100C7202A /* BindableType.swift */ = {isa = PBXFileReference; fileEncoding = 4; lastKnownFileType = sourcecode.swift; path = BindableType.swift; sourceTree = "<group>"; };
		DB07C85CFF85F3C0B361A14E /* Pods_RxSwiftToDoExample.framework */ = {isa = PBXFileReference; explicitFileType = wrapper.framework; includeInIndex = 0; path = Pods_RxSwiftToDoExample.framework; sourceTree = BUILT_PRODUCTS_DIR; };
		FC7D1EE5BE5B4E5FBCC5D5E3 /* Pods-RxSwiftToDoExample.release.xcconfig */ = {isa = PBXFileReference; includeInIndex = 1; lastKnownFileType = text.xcconfig; name = "Pods-RxSwiftToDoExample.release.xcconfig"; path = "Pods/Target Support Files/Pods-RxSwiftToDoExample/Pods-RxSwiftToDoExample.release.xcconfig"; sourceTree = "<group>"; };
/* End PBXFileReference section */

/* Begin PBXFrameworksBuildPhase section */
		745CE4891EAF1FEA00C7202A /* Frameworks */ = {
			isa = PBXFrameworksBuildPhase;
			buildActionMask = 2147483647;
			files = (
				3C36012379309A3318F9D3EA /* Pods_RxSwiftToDoExample.framework in Frameworks */,
			);
			runOnlyForDeploymentPostprocessing = 0;
		};
/* End PBXFrameworksBuildPhase section */

/* Begin PBXGroup section */
		56E09E027F5FE565CB26FB61 /* Pods */ = {
			isa = PBXGroup;
			children = (
				39A28124146D6BE119D7604B /* Pods-RxSwiftToDoExample.debug.xcconfig */,
				FC7D1EE5BE5B4E5FBCC5D5E3 /* Pods-RxSwiftToDoExample.release.xcconfig */,
			);
			name = Pods;
			sourceTree = "<group>";
		};
		740351971EAF425F00C53A7E /* RxExtensions */ = {
			isa = PBXGroup;
			children = (
				740351981EAF427200C53A7E /* UINavigationController+Rx.swift */,
			);
			name = RxExtensions;
			sourceTree = "<group>";
		};
		745CE4831EAF1FEA00C7202A = {
			isa = PBXGroup;
			children = (
				745CE48E1EAF1FEA00C7202A /* RxSwiftToDoExample */,
				745CE48D1EAF1FEA00C7202A /* Products */,
				56E09E027F5FE565CB26FB61 /* Pods */,
				A32E6B90BB180371DC0F0E8E /* Frameworks */,
			);
			sourceTree = "<group>";
		};
		745CE48D1EAF1FEA00C7202A /* Products */ = {
			isa = PBXGroup;
			children = (
				745CE48C1EAF1FEA00C7202A /* RxSwiftToDoExample.app */,
			);
			name = Products;
			sourceTree = "<group>";
		};
		745CE48E1EAF1FEA00C7202A /* RxSwiftToDoExample */ = {
			isa = PBXGroup;
			children = (
				740351971EAF425F00C53A7E /* RxExtensions */,
				745CE4B11EAF388100C7202A /* Scenes */,
				745CE4B01EAF387800C7202A /* Services */,
				745CE4A51EAF213300C7202A /* Model */,
				745CE4A41EAF212F00C7202A /* View */,
				745CE4A31EAF212900C7202A /* ViewModel */,
				745CE48F1EAF1FEA00C7202A /* AppDelegate.swift */,
				745CE4961EAF1FEA00C7202A /* Assets.xcassets */,
				745CE4981EAF1FEA00C7202A /* LaunchScreen.storyboard */,
				745CE49B1EAF1FEA00C7202A /* Info.plist */,
			);
			path = RxSwiftToDoExample;
			sourceTree = "<group>";
		};
		745CE4A31EAF212900C7202A /* ViewModel */ = {
			isa = PBXGroup;
			children = (
				745CE4AE1EAF386700C7202A /* TasksVM.swift */,
				740351951EAF401600C53A7E /* EditTaskVM.swift */,
			);
			name = ViewModel;
			sourceTree = "<group>";
		};
		745CE4A41EAF212F00C7202A /* View */ = {
			isa = PBXGroup;
			children = (
				745CE4B61EAF3B5500C7202A /* TaskListVC.swift */,
				745CE4B81EAF3B6400C7202A /* EditTaskVC.swift */,
				745CE4BA1EAF3EB100C7202A /* BindableType.swift */,
			);
			name = View;
			sourceTree = "<group>";
		};
		745CE4A51EAF213300C7202A /* Model */ = {
			isa = PBXGroup;
			children = (
				745CE4AC1EAF377300C7202A /* Task.swift */,
			);
			name = Model;
			sourceTree = "<group>";
		};
		745CE4B01EAF387800C7202A /* Services */ = {
			isa = PBXGroup;
			children = (
				7403519A1EAF468D00C53A7E /* TaskService.swift */,
			);
			name = Services;
			sourceTree = "<group>";
		};
		745CE4B11EAF388100C7202A /* Scenes */ = {
			isa = PBXGroup;
			children = (
				745CE4B21EAF388E00C7202A /* Scene.swift */,
			);
			name = Scenes;
			sourceTree = "<group>";
		};
		A32E6B90BB180371DC0F0E8E /* Frameworks */ = {
			isa = PBXGroup;
			children = (
				DB07C85CFF85F3C0B361A14E /* Pods_RxSwiftToDoExample.framework */,
			);
			name = Frameworks;
			sourceTree = "<group>";
		};
/* End PBXGroup section */

/* Begin PBXNativeTarget section */
		745CE48B1EAF1FEA00C7202A /* RxSwiftToDoExample */ = {
			isa = PBXNativeTarget;
			buildConfigurationList = 745CE49E1EAF1FEA00C7202A /* Build configuration list for PBXNativeTarget "RxSwiftToDoExample" */;
			buildPhases = (
				63CC1F1065AE2CBCCD51246D /* [CP] Check Pods Manifest.lock */,
				745CE4881EAF1FEA00C7202A /* Sources */,
				745CE4891EAF1FEA00C7202A /* Frameworks */,
				745CE48A1EAF1FEA00C7202A /* Resources */,
				3543B8E3432017222B37759D /* [CP] Embed Pods Frameworks */,
				B15A5432277E7B1061E24F00 /* [CP] Copy Pods Resources */,
			);
			buildRules = (
			);
			dependencies = (
			);
			name = RxSwiftToDoExample;
			productName = RxSwiftToDoExample;
			productReference = 745CE48C1EAF1FEA00C7202A /* RxSwiftToDoExample.app */;
			productType = "com.apple.product-type.application";
		};
/* End PBXNativeTarget section */

/* Begin PBXProject section */
		745CE4841EAF1FEA00C7202A /* Project object */ = {
			isa = PBXProject;
			attributes = {
				LastSwiftUpdateCheck = 0830;
				LastUpgradeCheck = 0830;
				ORGANIZATIONNAME = com.myungGiSon;
				TargetAttributes = {
					745CE48B1EAF1FEA00C7202A = {
						CreatedOnToolsVersion = 8.3;
						ProvisioningStyle = Automatic;
					};
				};
			};
			buildConfigurationList = 745CE4871EAF1FEA00C7202A /* Build configuration list for PBXProject "RxSwiftToDoExample" */;
			compatibilityVersion = "Xcode 3.2";
			developmentRegion = English;
			hasScannedForEncodings = 0;
			knownRegions = (
				en,
				Base,
			);
			mainGroup = 745CE4831EAF1FEA00C7202A;
			productRefGroup = 745CE48D1EAF1FEA00C7202A /* Products */;
			projectDirPath = "";
			projectRoot = "";
			targets = (
				745CE48B1EAF1FEA00C7202A /* RxSwiftToDoExample */,
			);
		};
/* End PBXProject section */

/* Begin PBXResourcesBuildPhase section */
		745CE48A1EAF1FEA00C7202A /* Resources */ = {
			isa = PBXResourcesBuildPhase;
			buildActionMask = 2147483647;
			files = (
				745CE49A1EAF1FEA00C7202A /* LaunchScreen.storyboard in Resources */,
				745CE4971EAF1FEA00C7202A /* Assets.xcassets in Resources */,
			);
			runOnlyForDeploymentPostprocessing = 0;
		};
/* End PBXResourcesBuildPhase section */

/* Begin PBXShellScriptBuildPhase section */
		3543B8E3432017222B37759D /* [CP] Embed Pods Frameworks */ = {
			isa = PBXShellScriptBuildPhase;
			buildActionMask = 2147483647;
			files = (
			);
			inputPaths = (
			);
			name = "[CP] Embed Pods Frameworks";
			outputPaths = (
			);
			runOnlyForDeploymentPostprocessing = 0;
			shellPath = /bin/sh;
			shellScript = "\"${SRCROOT}/Pods/Target Support Files/Pods-RxSwiftToDoExample/Pods-RxSwiftToDoExample-frameworks.sh\"\n";
			showEnvVarsInLog = 0;
		};
		63CC1F1065AE2CBCCD51246D /* [CP] Check Pods Manifest.lock */ = {
			isa = PBXShellScriptBuildPhase;
			buildActionMask = 2147483647;
			files = (
			);
			inputPaths = (
			);
			name = "[CP] Check Pods Manifest.lock";
			outputPaths = (
			);
			runOnlyForDeploymentPostprocessing = 0;
			shellPath = /bin/sh;
			shellScript = "diff \"${PODS_ROOT}/../Podfile.lock\" \"${PODS_ROOT}/Manifest.lock\" > /dev/null\nif [ $? != 0 ] ; then\n    # print error to STDERR\n    echo \"error: The sandbox is not in sync with the Podfile.lock. Run 'pod install' or update your CocoaPods installation.\" >&2\n    exit 1\nfi\n";
			showEnvVarsInLog = 0;
		};
		B15A5432277E7B1061E24F00 /* [CP] Copy Pods Resources */ = {
			isa = PBXShellScriptBuildPhase;
			buildActionMask = 2147483647;
			files = (
			);
			inputPaths = (
			);
			name = "[CP] Copy Pods Resources";
			outputPaths = (
			);
			runOnlyForDeploymentPostprocessing = 0;
			shellPath = /bin/sh;
			shellScript = "\"${SRCROOT}/Pods/Target Support Files/Pods-RxSwiftToDoExample/Pods-RxSwiftToDoExample-resources.sh\"\n";
			showEnvVarsInLog = 0;
		};
/* End PBXShellScriptBuildPhase section */

/* Begin PBXSourcesBuildPhase section */
		745CE4881EAF1FEA00C7202A /* Sources */ = {
			isa = PBXSourcesBuildPhase;
			buildActionMask = 2147483647;
			files = (
				7403519B1EAF468D00C53A7E /* TaskService.swift in Sources */,
				745CE4B71EAF3B5500C7202A /* TaskListVC.swift in Sources */,
				745CE4901EAF1FEA00C7202A /* AppDelegate.swift in Sources */,
				745CE4B31EAF388E00C7202A /* Scene.swift in Sources */,
				740351991EAF427200C53A7E /* UINavigationController+Rx.swift in Sources */,
				745CE4BB1EAF3EB100C7202A /* BindableType.swift in Sources */,
				745CE4B91EAF3B6400C7202A /* EditTaskVC.swift in Sources */,
				745CE4AF1EAF386700C7202A /* TasksVM.swift in Sources */,
				745CE4AD1EAF377300C7202A /* Task.swift in Sources */,
				740351961EAF401600C53A7E /* EditTaskVM.swift in Sources */,
			);
			runOnlyForDeploymentPostprocessing = 0;
		};
/* End PBXSourcesBuildPhase section */

/* Begin PBXVariantGroup section */
		745CE4981EAF1FEA00C7202A /* LaunchScreen.storyboard */ = {
			isa = PBXVariantGroup;
			children = (
				745CE4991EAF1FEA00C7202A /* Base */,
			);
			name = LaunchScreen.storyboard;
			sourceTree = "<group>";
		};
/* End PBXVariantGroup section */

/* Begin XCBuildConfiguration section */
		745CE49C1EAF1FEA00C7202A /* Debug */ = {
			isa = XCBuildConfiguration;
			buildSettings = {
				ALWAYS_SEARCH_USER_PATHS = NO;
				CLANG_ANALYZER_NONNULL = YES;
				CLANG_ANALYZER_NUMBER_OBJECT_CONVERSION = YES_AGGRESSIVE;
				CLANG_CXX_LANGUAGE_STANDARD = "gnu++0x";
				CLANG_CXX_LIBRARY = "libc++";
				CLANG_ENABLE_MODULES = YES;
				CLANG_ENABLE_OBJC_ARC = YES;
				CLANG_WARN_BOOL_CONVERSION = YES;
				CLANG_WARN_CONSTANT_CONVERSION = YES;
				CLANG_WARN_DIRECT_OBJC_ISA_USAGE = YES_ERROR;
				CLANG_WARN_DOCUMENTATION_COMMENTS = YES;
				CLANG_WARN_EMPTY_BODY = YES;
				CLANG_WARN_ENUM_CONVERSION = YES;
				CLANG_WARN_INFINITE_RECURSION = YES;
				CLANG_WARN_INT_CONVERSION = YES;
				CLANG_WARN_OBJC_ROOT_CLASS = YES_ERROR;
				CLANG_WARN_SUSPICIOUS_MOVE = YES;
				CLANG_WARN_UNREACHABLE_CODE = YES;
				CLANG_WARN__DUPLICATE_METHOD_MATCH = YES;
				"CODE_SIGN_IDENTITY[sdk=iphoneos*]" = "iPhone Developer";
				COPY_PHASE_STRIP = NO;
				DEBUG_INFORMATION_FORMAT = dwarf;
				ENABLE_STRICT_OBJC_MSGSEND = YES;
				ENABLE_TESTABILITY = YES;
				GCC_C_LANGUAGE_STANDARD = gnu99;
				GCC_DYNAMIC_NO_PIC = NO;
				GCC_NO_COMMON_BLOCKS = YES;
				GCC_OPTIMIZATION_LEVEL = 0;
				GCC_PREPROCESSOR_DEFINITIONS = (
					"DEBUG=1",
					"$(inherited)",
				);
				GCC_WARN_64_TO_32_BIT_CONVERSION = YES;
				GCC_WARN_ABOUT_RETURN_TYPE = YES_ERROR;
				GCC_WARN_UNDECLARED_SELECTOR = YES;
				GCC_WARN_UNINITIALIZED_AUTOS = YES_AGGRESSIVE;
				GCC_WARN_UNUSED_FUNCTION = YES;
				GCC_WARN_UNUSED_VARIABLE = YES;
				IPHONEOS_DEPLOYMENT_TARGET = 10.3;
				MTL_ENABLE_DEBUG_INFO = YES;
				ONLY_ACTIVE_ARCH = YES;
				SDKROOT = iphoneos;
				SWIFT_ACTIVE_COMPILATION_CONDITIONS = DEBUG;
				SWIFT_OPTIMIZATION_LEVEL = "-Onone";
			};
			name = Debug;
		};
		745CE49D1EAF1FEA00C7202A /* Release */ = {
			isa = XCBuildConfiguration;
			buildSettings = {
				ALWAYS_SEARCH_USER_PATHS = NO;
				CLANG_ANALYZER_NONNULL = YES;
				CLANG_ANALYZER_NUMBER_OBJECT_CONVERSION = YES_AGGRESSIVE;
				CLANG_CXX_LANGUAGE_STANDARD = "gnu++0x";
				CLANG_CXX_LIBRARY = "libc++";
				CLANG_ENABLE_MODULES = YES;
				CLANG_ENABLE_OBJC_ARC = YES;
				CLANG_WARN_BOOL_CONVERSION = YES;
				CLANG_WARN_CONSTANT_CONVERSION = YES;
				CLANG_WARN_DIRECT_OBJC_ISA_USAGE = YES_ERROR;
				CLANG_WARN_DOCUMENTATION_COMMENTS = YES;
				CLANG_WARN_EMPTY_BODY = YES;
				CLANG_WARN_ENUM_CONVERSION = YES;
				CLANG_WARN_INFINITE_RECURSION = YES;
				CLANG_WARN_INT_CONVERSION = YES;
				CLANG_WARN_OBJC_ROOT_CLASS = YES_ERROR;
				CLANG_WARN_SUSPICIOUS_MOVE = YES;
				CLANG_WARN_UNREACHABLE_CODE = YES;
				CLANG_WARN__DUPLICATE_METHOD_MATCH = YES;
				"CODE_SIGN_IDENTITY[sdk=iphoneos*]" = "iPhone Developer";
				COPY_PHASE_STRIP = NO;
				DEBUG_INFORMATION_FORMAT = "dwarf-with-dsym";
				ENABLE_NS_ASSERTIONS = NO;
				ENABLE_STRICT_OBJC_MSGSEND = YES;
				GCC_C_LANGUAGE_STANDARD = gnu99;
				GCC_NO_COMMON_BLOCKS = YES;
				GCC_WARN_64_TO_32_BIT_CONVERSION = YES;
				GCC_WARN_ABOUT_RETURN_TYPE = YES_ERROR;
				GCC_WARN_UNDECLARED_SELECTOR = YES;
				GCC_WARN_UNINITIALIZED_AUTOS = YES_AGGRESSIVE;
				GCC_WARN_UNUSED_FUNCTION = YES;
				GCC_WARN_UNUSED_VARIABLE = YES;
				IPHONEOS_DEPLOYMENT_TARGET = 10.3;
				MTL_ENABLE_DEBUG_INFO = NO;
				SDKROOT = iphoneos;
				SWIFT_OPTIMIZATION_LEVEL = "-Owholemodule";
				VALIDATE_PRODUCT = YES;
			};
			name = Release;
		};
		745CE49F1EAF1FEA00C7202A /* Debug */ = {
			isa = XCBuildConfiguration;
			baseConfigurationReference = 39A28124146D6BE119D7604B /* Pods-RxSwiftToDoExample.debug.xcconfig */;
			buildSettings = {
				ASSETCATALOG_COMPILER_APPICON_NAME = AppIcon;
				INFOPLIST_FILE = RxSwiftToDoExample/Info.plist;
				LD_RUNPATH_SEARCH_PATHS = "$(inherited) @executable_path/Frameworks";
				PRODUCT_BUNDLE_IDENTIFIER = com.myungGiSon.RxSwiftToDoExample;
				PRODUCT_NAME = "$(TARGET_NAME)";
				SWIFT_VERSION = 3.0;
			};
			name = Debug;
		};
		745CE4A01EAF1FEA00C7202A /* Release */ = {
			isa = XCBuildConfiguration;
			baseConfigurationReference = FC7D1EE5BE5B4E5FBCC5D5E3 /* Pods-RxSwiftToDoExample.release.xcconfig */;
			buildSettings = {
				ASSETCATALOG_COMPILER_APPICON_NAME = AppIcon;
				INFOPLIST_FILE = RxSwiftToDoExample/Info.plist;
				LD_RUNPATH_SEARCH_PATHS = "$(inherited) @executable_path/Frameworks";
				PRODUCT_BUNDLE_IDENTIFIER = com.myungGiSon.RxSwiftToDoExample;
				PRODUCT_NAME = "$(TARGET_NAME)";
				SWIFT_VERSION = 3.0;
			};
			name = Release;
		};
/* End XCBuildConfiguration section */

/* Begin XCConfigurationList section */
		745CE4871EAF1FEA00C7202A /* Build configuration list for PBXProject "RxSwiftToDoExample" */ = {
			isa = XCConfigurationList;
			buildConfigurations = (
				745CE49C1EAF1FEA00C7202A /* Debug */,
				745CE49D1EAF1FEA00C7202A /* Release */,
			);
			defaultConfigurationIsVisible = 0;
			defaultConfigurationName = Release;
		};
		745CE49E1EAF1FEA00C7202A /* Build configuration list for PBXNativeTarget "RxSwiftToDoExample" */ = {
			isa = XCConfigurationList;
			buildConfigurations = (
				745CE49F1EAF1FEA00C7202A /* Debug */,
				745CE4A01EAF1FEA00C7202A /* Release */,
			);
			defaultConfigurationIsVisible = 0;
			defaultConfigurationName = Release;
		};
/* End XCConfigurationList section */
	};
	rootObject = 745CE4841EAF1FEA00C7202A /* Project object */;
}
